GEM
  remote: https://rubygems.org/
  specs:
    drb (2.2.3)
    language_server-protocol (3.17.0.6)
    logger (1.7.0)
    minitest (6.0.6)
      drb (~> 2.0)
      prism (~> 1.5)
    minitest-mock (5.27.0)
    prettier_print (1.2.1)
    prism (1.9.0)
    rbs (4.2.0)
      logger
      prism (>= 1.6.0)
      tsort
    ruby-lsp (0.26.11)
      language_server-protocol (~> 3.17.0)
      prism (>= 1.2, < 2.0)
      rbs (>= 3, < 5)
    syntax_tree (6.3.0)
      prettier_print (>= 1.2.0)
    tsort (0.2.0)

PLATFORMS
  arm64-darwin-25
  ruby

DEPENDENCIES
  minitest
  minitest-mock
  ruby-lsp
  syntax_tree

BUNDLED WITH
   2.6.9
